// !$*UTF8*$!
{
	archiveVersion = 1;
	classes = {
	};
	objectVersion = 56;
	objects = {

/* Begin PBXBuildFile section */
		501611022CA8902F00E0CDB8 /* SideGlowHeart.swift in Sources */ = {isa = PBXBuildFile; fileRef = 501611012CA8902800E0CDB8 /* SideGlowHeart.swift */; };
		501611042CA890DA00E0CDB8 /* InnerShadowHeart.swift in Sources */ = {isa = PBXBuildFile; fileRef = 501611032CA890D400E0CDB8 /* InnerShadowHeart.swift */; };
		501611062CA8927100E0CDB8 /* HeartPulses.swift in Sources */ = {isa = PBXBuildFile; fileRef = 501611052CA8926E00E0CDB8 /* HeartPulses.swift */; };
		501611082CA8930D00E0CDB8 /* watchUltra.png in Resources */ = {isa = PBXBuildFile; fileRef = 501611072CA8930D00E0CDB8 /* watchUltra.png */; };
		504FC03D2CA922370032E35A /* BreakdownView.swift in Sources */ = {isa = PBXBuildFile; fileRef = 504FC03C2CA922320032E35A /* BreakdownView.swift */; };
		50F96BDF2C894E84001352C4 /* HeartPulseApp.swift in Sources */ = {isa = PBXBuildFile; fileRef = 50F96BDE2C894E84001352C4 /* HeartPulseApp.swift */; };
		50F96BE12C894E84001352C4 /* ContentView.swift in Sources */ = {isa = PBXBuildFile; fileRef = 50F96BE02C894E84001352C4 /* ContentView.swift */; };
		50F96BE32C894E85001352C4 /* Assets.xcassets in Resources */ = {isa = PBXBuildFile; fileRef = 50F96BE22C894E85001352C4 /* Assets.xcassets */; };
		50F96BE62C894E85001352C4 /* Preview Assets.xcassets in Resources */ = {isa = PBXBuildFile; fileRef = 50F96BE52C894E85001352C4 /* Preview Assets.xcassets */; };
		50F96BEF2C8A936B001352C4 /* PrimaryHeartPulse.swift in Sources */ = {isa = PBXBuildFile; fileRef = 50F96BEE2C8A936B001352C4 /* PrimaryHeartPulse.swift */; };
		50F96BF32C8D03D0001352C4 /* ExpandingHearts.swift in Sources */ = {isa = PBXBuildFile; fileRef = 50F96BF22C8D03D0001352C4 /* ExpandingHearts.swift */; };
		50F96BF72C8E4C7A001352C4 /* ExpandingHeart.swift in Sources */ = {isa = PBXBuildFile; fileRef = 50F96BF62C8E4C7A001352C4 /* ExpandingHeart.swift */; };
/* End PBXBuildFile section */

/* Begin PBXFileReference section */
		501611012CA8902800E0CDB8 /* SideGlowHeart.swift */ = {isa = PBXFileReference; lastKnownFileType = sourcecode.swift; path = SideGlowHeart.swift; sourceTree = "<group>"; };
		501611032CA890D400E0CDB8 /* InnerShadowHeart.swift */ = {isa = PBXFileReference; lastKnownFileType = sourcecode.swift; path = InnerShadowHeart.swift; sourceTree = "<group>"; };
		501611052CA8926E00E0CDB8 /* HeartPulses.swift */ = {isa = PBXFileReference; lastKnownFileType = sourcecode.swift; path = HeartPulses.swift; sourceTree = "<group>"; };
		501611072CA8930D00E0CDB8 /* watchUltra.png */ = {isa = PBXFileReference; lastKnownFileType = image.png; path = watchUltra.png; sourceTree = "<group>"; };
		504FC03C2CA922320032E35A /* BreakdownView.swift */ = {isa = PBXFileReference; lastKnownFileType = sourcecode.swift; path = BreakdownView.swift; sourceTree = "<group>"; };
		50F96BDB2C894E84001352C4 /* HeartPulse.app */ = {isa = PBXFileReference; explicitFileType = wrapper.application; includeInIndex = 0; path = HeartPulse.app; sourceTree = BUILT_PRODUCTS_DIR; };
		50F96BDE2C894E84001352C4 /* HeartPulseApp.swift */ = {isa = PBXFileReference; lastKnownFileType = sourcecode.swift; path = HeartPulseApp.swift; sourceTree = "<group>"; };
		50F96BE02C894E84001352C4 /* ContentView.swift */ = {isa = PBXFileReference; lastKnownFileType = sourcecode.swift; path = ContentView.swift; sourceTree = "<group>"; };
		50F96BE22C894E85001352C4 /* Assets.xcassets */ = {isa = PBXFileReference; lastKnownFileType = folder.assetcatalog; path = Assets.xcassets; sourceTree = "<group>"; };
		50F96BE52C894E85001352C4 /* Preview Assets.xcassets */ = {isa = PBXFileReference; lastKnownFileType = folder.assetcatalog; path = "Preview Assets.xcassets"; sourceTree = "<group>"; };
		50F96BEE2C8A936B001352C4 /* PrimaryHeartPulse.swift */ = {isa = PBXFileReference; lastKnownFileType = sourcecode.swift; path = PrimaryHeartPulse.swift; sourceTree = "<group>"; };
		50F96BF22C8D03D0001352C4 /* ExpandingHearts.swift */ = {isa = PBXFileReference; lastKnownFileType = sourcecode.swift; path = ExpandingHearts.swift; sourceTree = "<group>"; };
		50F96BF62C8E4C7A001352C4 /* ExpandingHeart.swift */ = {isa = PBXFileReference; lastKnownFileType = sourcecode.swift; path = ExpandingHeart.swift; sourceTree = "<group>"; };
/* End PBXFileReference section */

/* Begin PBXFrameworksBuildPhase section */
		50F96BD82C894E84001352C4 /* Frameworks */ = {
			isa = PBXFrameworksBuildPhase;
			buildActionMask = 2147483647;
			files = (
			);
			runOnlyForDeploymentPostprocessing = 0;
		};
/* End PBXFrameworksBuildPhase section */

/* Begin PBXGroup section */
		50F96BD22C894E84001352C4 = {
			isa = PBXGroup;
			children = (
				50F96BDD2C894E84001352C4 /* HeartPulse */,
				50F96BDC2C894E84001352C4 /* Products */,
			);
			sourceTree = "<group>";
		};
		50F96BDC2C894E84001352C4 /* Products */ = {
			isa = PBXGroup;
			children = (
				50F96BDB2C894E84001352C4 /* HeartPulse.app */,
			);
			name = Products;
			sourceTree = "<group>";
		};
		50F96BDD2C894E84001352C4 /* HeartPulse */ = {
			isa = PBXGroup;
			children = (
				504FC03C2CA922320032E35A /* BreakdownView.swift */,
				501611052CA8926E00E0CDB8 /* HeartPulses.swift */,
				501611032CA890D400E0CDB8 /* InnerShadowHeart.swift */,
				501611012CA8902800E0CDB8 /* SideGlowHeart.swift */,
				50F96BDE2C894E84001352C4 /* HeartPulseApp.swift */,
				50F96BE02C894E84001352C4 /* ContentView.swift */,
				50F96BE22C894E85001352C4 /* Assets.xcassets */,
				50F96BE42C894E85001352C4 /* Preview Content */,
				50F96BEE2C8A936B001352C4 /* PrimaryHeartPulse.swift */,
				50F96BF22C8D03D0001352C4 /* ExpandingHearts.swift */,
				50F96BF62C8E4C7A001352C4 /* ExpandingHeart.swift */,
				501611072CA8930D00E0CDB8 /* watchUltra.png */,
			);
			path = HeartPulse;
			sourceTree = "<group>";
		};
		50F96BE42C894E85001352C4 /* Preview Content */ = {
			isa = PBXGroup;
			children = (
				50F96BE52C894E85001352C4 /* Preview Assets.xcassets */,
			);
			path = "Preview Content";
			sourceTree = "<group>";
		};
/* End PBXGroup section */

/* Begin PBXNativeTarget section */
		50F96BDA2C894E84001352C4 /* HeartPulse */ = {
			isa = PBXNativeTarget;
			buildConfigurationList = 50F96BE92C894E85001352C4 /* Build configuration list for PBXNativeTarget "HeartPulse" */;
			buildPhases = (
				50F96BD72C894E84001352C4 /* Sources */,
				50F96BD82C894E84001352C4 /* Frameworks */,
				50F96BD92C894E84001352C4 /* Resources */,
			);
			buildRules = (
			);
			dependencies = (
			);
			name = HeartPulse;
			productName = HeartPulse;
			productReference = 50F96BDB2C894E84001352C4 /* HeartPulse.app */;
			productType = "com.apple.product-type.application";
		};
/* End PBXNativeTarget section */

/* Begin PBXProject section */
		50F96BD32C894E84001352C4 /* Project object */ = {
			isa = PBXProject;
			attributes = {
				BuildIndependentTargetsInParallel = 1;
				LastSwiftUpdateCheck = 1540;
				LastUpgradeCheck = 1540;
				TargetAttributes = {
					50F96BDA2C894E84001352C4 = {
						CreatedOnToolsVersion = 15.4;
					};
				};
			};
			buildConfigurationList = 50F96BD62C894E84001352C4 /* Build configuration list for PBXProject "HeartPulse" */;
			compatibilityVersion = "Xcode 14.0";
			developmentRegion = en;
			hasScannedForEncodings = 0;
			knownRegions = (
				en,
				Base,
			);
			mainGroup = 50F96BD22C894E84001352C4;
			productRefGroup = 50F96BDC2C894E84001352C4 /* Products */;
			projectDirPath = "";
			projectRoot = "";
			targets = (
				50F96BDA2C894E84001352C4 /* HeartPulse */,
			);
		};
/* End PBXProject section */

/* Begin PBXResourcesBuildPhase section */
		50F96BD92C894E84001352C4 /* Resources */ = {
			isa = PBXResourcesBuildPhase;
			buildActionMask = 2147483647;
			files = (
				50F96BE62C894E85001352C4 /* Preview Assets.xcassets in Resources */,
				501611082CA8930D00E0CDB8 /* watchUltra.png in Resources */,
				50F96BE32C894E85001352C4 /* Assets.xcassets in Resources */,
			);
			runOnlyForDeploymentPostprocessing = 0;
		};
/* End PBXResourcesBuildPhase section */

/* Begin PBXSourcesBuildPhase section */
		50F96BD72C894E84001352C4 /* Sources */ = {
			isa = PBXSourcesBuildPhase;
			buildActionMask = 2147483647;
			files = (
				50F96BE12C894E84001352C4 /* ContentView.swift in Sources */,
				501611022CA8902F00E0CDB8 /* SideGlowHeart.swift in Sources */,
				50F96BF32C8D03D0001352C4 /* ExpandingHearts.swift in Sources */,
				50F96BF72C8E4C7A001352C4 /* ExpandingHeart.swift in Sources */,
				501611062CA8927100E0CDB8 /* HeartPulses.swift in Sources */,
				501611042CA890DA00E0CDB8 /* InnerShadowHeart.swift in Sources */,
				50F96BEF2C8A936B001352C4 /* PrimaryHeartPulse.swift in Sources */,
				504FC03D2CA922370032E35A /* BreakdownView.swift in Sources */,
				50F96BDF2C894E84001352C4 /* HeartPulseApp.swift in Sources */,
			);
			runOnlyForDeploymentPostprocessing = 0;
		};
/* End PBXSourcesBuildPhase section */

/* Begin XCBuildConfiguration section */
		50F96BE72C894E85001352C4 /* Debug */ = {
			isa = XCBuildConfiguration;
			buildSettings = {
				ALWAYS_SEARCH_USER_PATHS = NO;
				ASSETCATALOG_COMPILER_GENERATE_SWIFT_ASSET_SYMBOL_EXTENSIONS = YES;
				CLANG_ANALYZER_NONNULL = YES;
				CLANG_ANALYZER_NUMBER_OBJECT_CONVERSION = YES_AGGRESSIVE;
				CLANG_CXX_LANGUAGE_STANDARD = "gnu++20";
				CLANG_ENABLE_MODULES = YES;
				CLANG_ENABLE_OBJC_ARC = YES;
				CLANG_ENABLE_OBJC_WEAK = YES;
				CLANG_WARN_BLOCK_CAPTURE_AUTORELEASING = YES;
				CLANG_WARN_BOOL_CONVERSION = YES;
				CLANG_WARN_COMMA = YES;
				CLANG_WARN_CONSTANT_CONVERSION = YES;
				CLANG_WARN_DEPRECATED_OBJC_IMPLEMENTATIONS = YES;
				CLANG_WARN_DIRECT_OBJC_ISA_USAGE = YES_ERROR;
				CLANG_WARN_DOCUMENTATION_COMMENTS = YES;
				CLANG_WARN_EMPTY_BODY = YES;
				CLANG_WARN_ENUM_CONVERSION = YES;
				CLANG_WARN_INFINITE_RECURSION = YES;
				CLANG_WARN_INT_CONVERSION = YES;
				CLANG_WARN_NON_LITERAL_NULL_CONVERSION = YES;
				CLANG_WARN_OBJC_IMPLICIT_RETAIN_SELF = YES;
				CLANG_WARN_OBJC_LITERAL_CONVERSION = YES;
				CLANG_WARN_OBJC_ROOT_CLASS = YES_ERROR;
				CLANG_WARN_QUOTED_INCLUDE_IN_FRAMEWORK_HEADER = YES;
				CLANG_WARN_RANGE_LOOP_ANALYSIS = YES;
				CLANG_WARN_STRICT_PROTOTYPES = YES;
				CLANG_WARN_SUSPICIOUS_MOVE = YES;
				CLANG_WARN_UNGUARDED_AVAILABILITY = YES_AGGRESSIVE;
				CLANG_WARN_UNREACHABLE_CODE = YES;
				CLANG_WARN__DUPLICATE_METHOD_MATCH = YES;
				COPY_PHASE_STRIP = NO;
				DEBUG_INFORMATION_FORMAT = dwarf;
				ENABLE_STRICT_OBJC_MSGSEND = YES;
				ENABLE_TESTABILITY = YES;
				ENABLE_USER_SCRIPT_SANDBOXING = YES;
				GCC_C_LANGUAGE_STANDARD = gnu17;
				GCC_DYNAMIC_NO_PIC = NO;
				GCC_NO_COMMON_BLOCKS = YES;
				GCC_OPTIMIZATION_LEVEL = 0;
				GCC_PREPROCESSOR_DEFINITIONS = (
					"DEBUG=1",
					"$(inherited)",
				);
				GCC_WARN_64_TO_32_BIT_CONVERSION = YES;
				GCC_WARN_ABOUT_RETURN_TYPE = YES_ERROR;
				GCC_WARN_UNDECLARED_SELECTOR = YES;
				GCC_WARN_UNINITIALIZED_AUTOS = YES_AGGRESSIVE;
				GCC_WARN_UNUSED_FUNCTION = YES;
				GCC_WARN_UNUSED_VARIABLE = YES;
				IPHONEOS_DEPLOYMENT_TARGET = 17.5;
				LOCALIZATION_PREFERS_STRING_CATALOGS = YES;
				MTL_ENABLE_DEBUG_INFO = INCLUDE_SOURCE;
				MTL_FAST_MATH = YES;
				ONLY_ACTIVE_ARCH = YES;
				SDKROOT = iphoneos;
				SWIFT_ACTIVE_COMPILATION_CONDITIONS = "DEBUG $(inherited)";
				SWIFT_OPTIMIZATION_LEVEL = "-Onone";
			};
			name = Debug;
		};
		50F96BE82C894E85001352C4 /* Release */ = {
			isa = XCBuildConfiguration;
			buildSettings = {
				ALWAYS_SEARCH_USER_PATHS = NO;
				ASSETCATALOG_COMPILER_GENERATE_SWIFT_ASSET_SYMBOL_EXTENSIONS = YES;
				CLANG_ANALYZER_NONNULL = YES;
				CLANG_ANALYZER_NUMBER_OBJECT_CONVERSION = YES_AGGRESSIVE;
				CLANG_CXX_LANGUAGE_STANDARD = "gnu++20";
				CLANG_ENABLE_MODULES = YES;
				CLANG_ENABLE_OBJC_ARC = YES;
				CLANG_ENABLE_OBJC_WEAK = YES;
				CLANG_WARN_BLOCK_CAPTURE_AUTORELEASING = YES;
				CLANG_WARN_BOOL_CONVERSION = YES;
				CLANG_WARN_COMMA = YES;
				CLANG_WARN_CONSTANT_CONVERSION = YES;
				CLANG_WARN_DEPRECATED_OBJC_IMPLEMENTATIONS = YES;
				CLANG_WARN_DIRECT_OBJC_ISA_USAGE = YES_ERROR;
				CLANG_WARN_DOCUMENTATION_COMMENTS = YES;
				CLANG_WARN_EMPTY_BODY = YES;
				CLANG_WARN_ENUM_CONVERSION = YES;
				CLANG_WARN_INFINITE_RECURSION = YES;
				CLANG_WARN_INT_CONVERSION = YES;
				CLANG_WARN_NON_LITERAL_NULL_CONVERSION = YES;
				CLANG_WARN_OBJC_IMPLICIT_RETAIN_SELF = YES;
				CLANG_WARN_OBJC_LITERAL_CONVERSION = YES;
				CLANG_WARN_OBJC_ROOT_CLASS = YES_ERROR;
				CLANG_WARN_QUOTED_INCLUDE_IN_FRAMEWORK_HEADER = YES;
				CLANG_WARN_RANGE_LOOP_ANALYSIS = YES;
				CLANG_WARN_STRICT_PROTOTYPES = YES;
				CLANG_WARN_SUSPICIOUS_MOVE = YES;
				CLANG_WARN_UNGUARDED_AVAILABILITY = YES_AGGRESSIVE;
				CLANG_WARN_UNREACHABLE_CODE = YES;
				CLANG_WARN__DUPLICATE_METHOD_MATCH = YES;
				COPY_PHASE_STRIP = NO;
				DEBUG_INFORMATION_FORMAT = "dwarf-with-dsym";
				ENABLE_NS_ASSERTIONS = NO;
				ENABLE_STRICT_OBJC_MSGSEND = YES;
				ENABLE_USER_SCRIPT_SANDBOXING = YES;
				GCC_C_LANGUAGE_STANDARD = gnu17;
				GCC_NO_COMMON_BLOCKS = YES;
				GCC_WARN_64_TO_32_BIT_CONVERSION = YES;
				GCC_WARN_ABOUT_RETURN_TYPE = YES_ERROR;
				GCC_WARN_UNDECLARED_SELECTOR = YES;
				GCC_WARN_UNINITIALIZED_AUTOS = YES_AGGRESSIVE;
				GCC_WARN_UNUSED_FUNCTION = YES;
				GCC_WARN_UNUSED_VARIABLE = YES;
				IPHONEOS_DEPLOYMENT_TARGET = 17.5;
				LOCALIZATION_PREFERS_STRING_CATALOGS = YES;
				MTL_ENABLE_DEBUG_INFO = NO;
				MTL_FAST_MATH = YES;
				SDKROOT = iphoneos;
				SWIFT_COMPILATION_MODE = wholemodule;
				VALIDATE_PRODUCT = YES;
			};
			name = Release;
		};
		50F96BEA2C894E85001352C4 /* Debug */ = {
			isa = XCBuildConfiguration;
			buildSettings = {
				ASSETCATALOG_COMPILER_APPICON_NAME = AppIcon;
				ASSETCATALOG_COMPILER_GLOBAL_ACCENT_COLOR_NAME = AccentColor;
				CODE_SIGN_STYLE = Automatic;
				CURRENT_PROJECT_VERSION = 1;
				DEVELOPMENT_ASSET_PATHS = "\"HeartPulse/Preview Content\"";
				DEVELOPMENT_TEAM = SLSQWYAHLF;
				ENABLE_PREVIEWS = YES;
				GENERATE_INFOPLIST_FILE = YES;
				INFOPLIST_KEY_UIApplicationSceneManifest_Generation = YES;
				INFOPLIST_KEY_UIApplicationSupportsIndirectInputEvents = YES;
				INFOPLIST_KEY_UILaunchScreen_Generation = YES;
				INFOPLIST_KEY_UISupportedInterfaceOrientations = "UIInterfaceOrientationLandscapeLeft UIInterfaceOrientationLandscapeRight";
				LD_RUNPATH_SEARCH_PATHS = (
					"$(inherited)",
					"@executable_path/Frameworks",
				);
				MARKETING_VERSION = 1.0;
				PRODUCT_BUNDLE_IDENTIFIER = mageshsridhar.HeartPulse;
				PRODUCT_NAME = "$(TARGET_NAME)";
				SWIFT_EMIT_LOC_STRINGS = YES;
				SWIFT_VERSION = 5.0;
				TARGETED_DEVICE_FAMILY = "1,2";
			};
			name = Debug;
		};
		50F96BEB2C894E85001352C4 /* Release */ = {
			isa = XCBuildConfiguration;
			buildSettings = {
				ASSETCATALOG_COMPILER_APPICON_NAME = AppIcon;
				ASSETCATALOG_COMPILER_GLOBAL_ACCENT_COLOR_NAME = AccentColor;
				CODE_SIGN_STYLE = Automatic;
				CURRENT_PROJECT_VERSION = 1;
				DEVELOPMENT_ASSET_PATHS = "\"HeartPulse/Preview Content\"";
				DEVELOPMENT_TEAM = SLSQWYAHLF;
				ENABLE_PREVIEWS = YES;
				GENERATE_INFOPLIST_FILE = YES;
				INFOPLIST_KEY_UIApplicationSceneManifest_Generation = YES;
				INFOPLIST_KEY_UIApplicationSupportsIndirectInputEvents = YES;
				INFOPLIST_KEY_UILaunchScreen_Generation = YES;
				INFOPLIST_KEY_UISupportedInterfaceOrientations = "UIInterfaceOrientationLandscapeLeft UIInterfaceOrientationLandscapeRight";
				LD_RUNPATH_SEARCH_PATHS = (
					"$(inherited)",
					"@executable_path/Frameworks",
				);
				MARKETING_VERSION = 1.0;
				PRODUCT_BUNDLE_IDENTIFIER = mageshsridhar.HeartPulse;
				PRODUCT_NAME = "$(TARGET_NAME)";
				SWIFT_EMIT_LOC_STRINGS = YES;
				SWIFT_VERSION = 5.0;
				TARGETED_DEVICE_FAMILY = "1,2";
			};
			name = Release;
		};
/* End XCBuildConfiguration section */

/* Begin XCConfigurationList section */
		50F96BD62C894E84001352C4 /* Build configuration list for PBXProject "HeartPulse" */ = {
			isa = XCConfigurationList;
			buildConfigurations = (
				50F96BE72C894E85001352C4 /* Debug */,
				50F96BE82C894E85001352C4 /* Release */,
			);
			defaultConfigurationIsVisible = 0;
			defaultConfigurationName = Release;
		};
		50F96BE92C894E85001352C4 /* Build configuration list for PBXNativeTarget "HeartPulse" */ = {
			isa = XCConfigurationList;
			buildConfigurations = (
				50F96BEA2C894E85001352C4 /* Debug */,
				50F96BEB2C894E85001352C4 /* Release */,
			);
			defaultConfigurationIsVisible = 0;
			defaultConfigurationName = Release;
		};
/* End XCConfigurationList section */
	};
	rootObject = 50F96BD32C894E84001352C4 /* Project object */;
}
